
Microsoft Visual Studio Solution File, Format Version 12.00
# Visual Studio Version 17
VisualStudioVersion = 17.0.31903.59
MinimumVisualStudioVersion = 10.0.40219.1
Project("{FAE04EC0-301F-11D3-BF4B-00C04F79EFBC}") = "Vamp.Api", "Vamp.Api\Vamp.Api.csproj", "{F4DA36BC-3E1B-40CB-A47F-C4088C25D684}"
EndProject
Project("{FAE04EC0-301F-11D3-BF4B-00C04F79EFBC}") = "Vamp.Api.Tests", "Vamp.Api.Tests\Vamp.Api.Tests.csproj", "{4CA0DC0F-F19B-4D98-90A0-07D8A8920773}"
EndProject
Global
	GlobalSection(SolutionConfigurationPlatforms) = preSolution
		Debug|Any CPU = Debug|Any CPU
		Release|Any CPU = Release|Any CPU
	EndGlobalSection
	GlobalSection(SolutionProperties) = preSolution
		HideSolutionNode = FALSE
	EndGlobalSection
	GlobalSection(ProjectConfigurationPlatforms) = postSolution
		{F4DA36BC-3E1B-40CB-A47F-C4088C25D684}.Debug|Any CPU.ActiveCfg = Debug|Any CPU
		{F4DA36BC-3E1B-40CB-A47F-C4088C25D684}.Debug|Any CPU.Build.0 = Debug|Any CPU
		{F4DA36BC-3E1B-40CB-A47F-C4088C25D684}.Release|Any CPU.ActiveCfg = Release|Any CPU
		{F4DA36BC-3E1B-40CB-A47F-C4088C25D684}.Release|Any CPU.Build.0 = Release|Any CPU
		{4CA0DC0F-F19B-4D98-90A0-07D8A8920773}.Debug|Any CPU.ActiveCfg = Debug|Any CPU
		{4CA0DC0F-F19B-4D98-90A0-07D8A8920773}.Debug|Any CPU.Build.0 = Debug|Any CPU
		{4CA0DC0F-F19B-4D98-90A0-07D8A8920773}.Release|Any CPU.ActiveCfg = Release|Any CPU
		{4CA0DC0F-F19B-4D98-90A0-07D8A8920773}.Release|Any CPU.Build.0 = Release|Any CPU
	EndGlobalSection
EndGlobal
